
Microsoft Visual Studio Solution File, Format Version 12.00
# Visual Studio Version 17
VisualStudioVersion = 17.7.34003.232
MinimumVisualStudioVersion = 10.0.40219.1
Project("{FAE04EC0-301F-11D3-BF4B-00C04F79EFBC}") = "FARMACIA", "FARMACIA.csproj", "{2F25A214-9351-494A-9FB1-7A1B4150373E}"
EndProject
Global
	GlobalSection(SolutionConfigurationPlatforms) = preSolution
		Debug|Any CPU = Debug|Any CPU
		Release|Any CPU = Release|Any CPU
	EndGlobalSection
	GlobalSection(ProjectConfigurationPlatforms) = postSolution
		{2F25A214-9351-494A-9FB1-7A1B4150373E}.Debug|Any CPU.ActiveCfg = Debug|Any CPU
		{2F25A214-9351-494A-9FB1-7A1B4150373E}.Debug|Any CPU.Build.0 = Debug|Any CPU
		{2F25A214-9351-494A-9FB1-7A1B4150373E}.Release|Any CPU.ActiveCfg = Release|Any CPU
		{2F25A214-9351-494A-9FB1-7A1B4150373E}.Release|Any CPU.Build.0 = Release|Any CPU
	EndGlobalSection
	GlobalSection(SolutionProperties) = preSolution
		HideSolutionNode = FALSE
	EndGlobalSection
	GlobalSection(ExtensibilityGlobals) = postSolution
		SolutionGuid = {4D389680-3C47-47C0-96FC-DC7912D610D1}
	EndGlobalSection
EndGlobal
